<?xml version="1.0" encoding="utf-8"?>
<Project ToolsVersion="4.0" xmlns="http://schemas.microsoft.com/developer/msbuild/2003">
  <ItemGroup>
    <Filter Include="Source Files">
      <UniqueIdentifier>{4FC737F1-C7A5-4376-A066-2A32D752A2FF}</UniqueIdentifier>
      <Extensions>cpp;c;cc;cxx;c++;cppm;ixx;def;odl;idl;hpj;bat;asm;asmx</Extensions>
    </Filter>
    <Filter Include="Header Files">
      <UniqueIdentifier>{93995380-89BD-4b04-88EB-625FBE52EBFB}</UniqueIdentifier>
      <Extensions>h;hh;hpp;hxx;h++;hm;inl;inc;ipp;xsd</Extensions>
    </Filter>
    <Filter Include="Resource Files">
      <UniqueIdentifier>{67DA6AB6-F800-4c08-8B7A-83BB121AAD01}</UniqueIdentifier>
      <Extensions>rc;ico;cur;bmp;dlg;rc2;rct;bin;rgs;gif;jpg;jpeg;jpe;resx;tiff;tif;png;wav;mfcribbon-ms</Extensions>
    </Filter>
  </ItemGroup>
  <ItemGroup>
    <ClCompile Include="my_first.cpp">
      <Filter>Source Files</Filter>
    </ClCompile>
    <ClCompile Include="my_second.cpp">
      <Filter>Source Files</Filter>
    </ClCompile>
    <ClCompile Include="L02_02_balls.cpp">
      <Filter>Source Files</Filter>
    </ClCompile>
    <ClCompile Include="L02_03_ask_balls.cpp">
      <Filter>Source Files</Filter>
    </ClCompile>
    <ClCompile Include="L02_04_sqrt.cpp">
      <Filter>Source Files</Filter>
    </ClCompile>
    <ClCompile Include="L02_05_my_function.cpp">
      <Filter>Source Files</Filter>
    </ClCompile>
    <ClCompile Include="L03_01_limits.cpp">
      <Filter>Source Files</Filter>
    </ClCompile>
    <ClCompile Include="L03_03_number_base.cpp">
      <Filter>Source Files</Filter>
    </ClCompile>
    <ClCompile Include="L03_02_overflow_underflow.cpp">
      <Filter>Source Files</Filter>
    </ClCompile>
    <ClCompile Include="L03_06_char.cpp">
      <Filter>Source Files</Filter>
    </ClCompile>
    <ClCompile Include="L03_07_IDAS_login.cpp">
      <Filter>Source Files</Filter>
    </ClCompile>
    <ClCompile Include="L03_0X_wchar_t_test.cpp">
      <Filter>Source Files</Filter>
    </ClCompile>
    <ClCompile Include="L03_0X_char_t_test.cpp">
      <Filter>Source Files</Filter>
    </ClCompile>
    <ClCompile Include="L03_08_floating_numbers_test.cpp">
      <Filter>Source Files</Filter>
    </ClCompile>
    <ClCompile Include="L03_09_float_problem.cpp">
      <Filter>Source Files</Filter>
    </ClCompile>
    <ClCompile Include="L03_13_demotion.cpp">
      <Filter>Source Files</Filter>
    </ClCompile>
    <ClCompile Include="L03_14_type_cast.cpp">
      <Filter>Source Files</Filter>
    </ClCompile>
    <ClCompile Include="L04_01_array.cpp">
      <Filter>Source Files</Filter>
    </ClCompile>
    <ClCompile Include="L04_02_string.cpp">
      <Filter>Source Files</Filter>
    </ClCompile>
    <ClCompile Include="L04_03_get_user_string.cpp">
      <Filter>Source Files</Filter>
    </ClCompile>
    <ClCompile Include="L04_07_string_class.cpp">
      <Filter>Source Files</Filter>
    </ClCompile>
    <ClCompile Include="L04_08_string_operations.cpp">
      <Filter>Source Files</Filter>
    </ClCompile>
    <ClCompile Include="dd_character.cpp">
      <Filter>Source Files</Filter>
    </ClCompile>
    <ClCompile Include="dd_play.cpp">
      <Filter>Source Files</Filter>
    </ClCompile>
    <ClCompile Include="eva.cpp">
      <Filter>Source Files</Filter>
    </ClCompile>
    <ClCompile Include="eva_management.cpp">
      <Filter>Source Files</Filter>
    </ClCompile>
    <ClCompile Include="dd_character.h">
      <Filter>Header Files</Filter>
    </ClCompile>
    <ClCompile Include="L04_09_other_string_literals.cpp">
      <Filter>Source Files</Filter>
    </ClCompile>
    <ClCompile Include="L04_14_address_operator.cpp">
      <Filter>Source Files</Filter>
    </ClCompile>
    <ClCompile Include="L04_15_pointer.cpp">
      <Filter>Source Files</Filter>
    </ClCompile>
    <ClCompile Include="L04_17_pointer_dynamic_memory.cpp">
      <Filter>Source Files</Filter>
    </ClCompile>
    <ClCompile Include="L04_0X_two_pointers_delete.cpp">
      <Filter>Source Files</Filter>
    </ClCompile>
  </ItemGroup>
  <ItemGroup>
    <ClInclude Include="eva.h">
      <Filter>Header Files</Filter>
    </ClInclude>
  </ItemGroup>
</Project>